// !$*UTF8*$!
{
	archiveVersion = 1;
	classes = {
	};
	objectVersion = 55;
	objects = {

/* Begin PBXBuildFile section */
		504941D8287C59AA00D87BDC /* NetworkError.swift in Sources */ = {isa = PBXBuildFile; fileRef = 504941D7287C59AA00D87BDC /* NetworkError.swift */; };
		504941DB287C5AD900D87BDC /* Ingredient.swift in Sources */ = {isa = PBXBuildFile; fileRef = 504941DA287C5AD900D87BDC /* Ingredient.swift */; };
		504941DD287C5D4600D87BDC /* RecipeCellView.swift in Sources */ = {isa = PBXBuildFile; fileRef = 504941DC287C5D4600D87BDC /* RecipeCellView.swift */; };
		504941E1287C5FAA00D87BDC /* MainScreenView+Title.swift in Sources */ = {isa = PBXBuildFile; fileRef = 504941E0287C5FAA00D87BDC /* MainScreenView+Title.swift */; };
		504941E3287C5FCE00D87BDC /* MainScreenView+Grid.swift in Sources */ = {isa = PBXBuildFile; fileRef = 504941E2287C5FCE00D87BDC /* MainScreenView+Grid.swift */; };
		504941E7287C67BA00D87BDC /* DetailsScreenView+Header.swift in Sources */ = {isa = PBXBuildFile; fileRef = 504941E6287C67BA00D87BDC /* DetailsScreenView+Header.swift */; };
		504941E9287C67C500D87BDC /* DetailsScreenView+List.swift in Sources */ = {isa = PBXBuildFile; fileRef = 504941E8287C67C500D87BDC /* DetailsScreenView+List.swift */; };
		504941ED287C6B5700D87BDC /* CacheAsyncImage.swift in Sources */ = {isa = PBXBuildFile; fileRef = 504941EC287C6B5700D87BDC /* CacheAsyncImage.swift */; };
		504941EF287C6C9200D87BDC /* URLCache+image.swift in Sources */ = {isa = PBXBuildFile; fileRef = 504941EE287C6C9200D87BDC /* URLCache+image.swift */; };
		504941F1287C6D3C00D87BDC /* Constant.swift in Sources */ = {isa = PBXBuildFile; fileRef = 504941F0287C6D3C00D87BDC /* Constant.swift */; };
		504941F2287C6E6F00D87BDC /* MainScreenViewModel.swift in Sources */ = {isa = PBXBuildFile; fileRef = 50BDBD2C287C45240062F6D8 /* MainScreenViewModel.swift */; };
		504941F4287C6EB500D87BDC /* RecipeManagerTests.swift in Sources */ = {isa = PBXBuildFile; fileRef = 504941F3287C6EB500D87BDC /* RecipeManagerTests.swift */; };
		504941F5287C6EB800D87BDC /* RecipeManager.swift in Sources */ = {isa = PBXBuildFile; fileRef = 50BDBD25287C44D10062F6D8 /* RecipeManager.swift */; };
		504941F6287C70B600D87BDC /* Recipe.swift in Sources */ = {isa = PBXBuildFile; fileRef = 50BDBD36287C4D7A0062F6D8 /* Recipe.swift */; };
		504941F7287C70C300D87BDC /* Constant.swift in Sources */ = {isa = PBXBuildFile; fileRef = 504941F0287C6D3C00D87BDC /* Constant.swift */; };
		504941F8287C70D000D87BDC /* NetworkError.swift in Sources */ = {isa = PBXBuildFile; fileRef = 504941D7287C59AA00D87BDC /* NetworkError.swift */; };
		504941F9287C70E500D87BDC /* Ingredient.swift in Sources */ = {isa = PBXBuildFile; fileRef = 504941DA287C5AD900D87BDC /* Ingredient.swift */; };
		504941FB287C744300D87BDC /* NetworkManager.swift in Sources */ = {isa = PBXBuildFile; fileRef = 504941FA287C744200D87BDC /* NetworkManager.swift */; };
		504941FD287C770500D87BDC /* NetworkManagerTests.swift in Sources */ = {isa = PBXBuildFile; fileRef = 504941FC287C770500D87BDC /* NetworkManagerTests.swift */; };
		504941FE287C771400D87BDC /* NetworkManager.swift in Sources */ = {isa = PBXBuildFile; fileRef = 504941FA287C744200D87BDC /* NetworkManager.swift */; };
		50BDBCFC287C43D40062F6D8 /* BeerAppApp.swift in Sources */ = {isa = PBXBuildFile; fileRef = 50BDBCFB287C43D40062F6D8 /* BeerAppApp.swift */; };
		50BDBD00287C43D50062F6D8 /* Assets.xcassets in Resources */ = {isa = PBXBuildFile; fileRef = 50BDBCFF287C43D50062F6D8 /* Assets.xcassets */; };
		50BDBD03287C43D50062F6D8 /* Preview Assets.xcassets in Resources */ = {isa = PBXBuildFile; fileRef = 50BDBD02287C43D50062F6D8 /* Preview Assets.xcassets */; };
		50BDBD17287C43D50062F6D8 /* BeerAppUITests.swift in Sources */ = {isa = PBXBuildFile; fileRef = 50BDBD16287C43D50062F6D8 /* BeerAppUITests.swift */; };
		50BDBD19287C43D50062F6D8 /* BeerAppUITestsLaunchTests.swift in Sources */ = {isa = PBXBuildFile; fileRef = 50BDBD18287C43D50062F6D8 /* BeerAppUITestsLaunchTests.swift */; };
		50BDBD26287C44D10062F6D8 /* RecipeManager.swift in Sources */ = {isa = PBXBuildFile; fileRef = 50BDBD25287C44D10062F6D8 /* RecipeManager.swift */; };
		50BDBD2B287C45140062F6D8 /* MainScreenView.swift in Sources */ = {isa = PBXBuildFile; fileRef = 50BDBD2A287C45140062F6D8 /* MainScreenView.swift */; };
		50BDBD2D287C45240062F6D8 /* MainScreenViewModel.swift in Sources */ = {isa = PBXBuildFile; fileRef = 50BDBD2C287C45240062F6D8 /* MainScreenViewModel.swift */; };
		50BDBD33287C4A8C0062F6D8 /* DetailsScreenViewModel.swift in Sources */ = {isa = PBXBuildFile; fileRef = 50BDBD32287C4A8C0062F6D8 /* DetailsScreenViewModel.swift */; };
		50BDBD35287C4ABD0062F6D8 /* DetailsScreenView.swift in Sources */ = {isa = PBXBuildFile; fileRef = 50BDBD34287C4ABD0062F6D8 /* DetailsScreenView.swift */; };
		50BDBD37287C4D7A0062F6D8 /* Recipe.swift in Sources */ = {isa = PBXBuildFile; fileRef = 50BDBD36287C4D7A0062F6D8 /* Recipe.swift */; };
/* End PBXBuildFile section */

/* Begin PBXContainerItemProxy section */
		50BDBD09287C43D50062F6D8 /* PBXContainerItemProxy */ = {
			isa = PBXContainerItemProxy;
			containerPortal = 50BDBCF0287C43D40062F6D8 /* Project object */;
			proxyType = 1;
			remoteGlobalIDString = 50BDBCF7287C43D40062F6D8;
			remoteInfo = BeerApp;
		};
		50BDBD13287C43D50062F6D8 /* PBXContainerItemProxy */ = {
			isa = PBXContainerItemProxy;
			containerPortal = 50BDBCF0287C43D40062F6D8 /* Project object */;
			proxyType = 1;
			remoteGlobalIDString = 50BDBCF7287C43D40062F6D8;
			remoteInfo = BeerApp;
		};
/* End PBXContainerItemProxy section */

/* Begin PBXFileReference section */
		504941D7287C59AA00D87BDC /* NetworkError.swift */ = {isa = PBXFileReference; lastKnownFileType = sourcecode.swift; path = NetworkError.swift; sourceTree = "<group>"; };
		504941DA287C5AD900D87BDC /* Ingredient.swift */ = {isa = PBXFileReference; lastKnownFileType = sourcecode.swift; path = Ingredient.swift; sourceTree = "<group>"; };
		504941DC287C5D4600D87BDC /* RecipeCellView.swift */ = {isa = PBXFileReference; lastKnownFileType = sourcecode.swift; path = RecipeCellView.swift; sourceTree = "<group>"; };
		504941E0287C5FAA00D87BDC /* MainScreenView+Title.swift */ = {isa = PBXFileReference; lastKnownFileType = sourcecode.swift; path = "MainScreenView+Title.swift"; sourceTree = "<group>"; };
		504941E2287C5FCE00D87BDC /* MainScreenView+Grid.swift */ = {isa = PBXFileReference; lastKnownFileType = sourcecode.swift; path = "MainScreenView+Grid.swift"; sourceTree = "<group>"; };
		504941E6287C67BA00D87BDC /* DetailsScreenView+Header.swift */ = {isa = PBXFileReference; lastKnownFileType = sourcecode.swift; path = "DetailsScreenView+Header.swift"; sourceTree = "<group>"; };
		504941E8287C67C500D87BDC /* DetailsScreenView+List.swift */ = {isa = PBXFileReference; lastKnownFileType = sourcecode.swift; path = "DetailsScreenView+List.swift"; sourceTree = "<group>"; };
		504941EC287C6B5700D87BDC /* CacheAsyncImage.swift */ = {isa = PBXFileReference; lastKnownFileType = sourcecode.swift; path = CacheAsyncImage.swift; sourceTree = "<group>"; };
		504941EE287C6C9200D87BDC /* URLCache+image.swift */ = {isa = PBXFileReference; lastKnownFileType = sourcecode.swift; path = "URLCache+image.swift"; sourceTree = "<group>"; };
		504941F0287C6D3C00D87BDC /* Constant.swift */ = {isa = PBXFileReference; lastKnownFileType = sourcecode.swift; path = Constant.swift; sourceTree = "<group>"; };
		504941F3287C6EB500D87BDC /* RecipeManagerTests.swift */ = {isa = PBXFileReference; lastKnownFileType = sourcecode.swift; path = RecipeManagerTests.swift; sourceTree = "<group>"; };
		504941FA287C744200D87BDC /* NetworkManager.swift */ = {isa = PBXFileReference; lastKnownFileType = sourcecode.swift; path = NetworkManager.swift; sourceTree = "<group>"; };
		504941FC287C770500D87BDC /* NetworkManagerTests.swift */ = {isa = PBXFileReference; lastKnownFileType = sourcecode.swift; path = NetworkManagerTests.swift; sourceTree = "<group>"; };
		50BDBCF8287C43D40062F6D8 /* BeerApp.app */ = {isa = PBXFileReference; explicitFileType = wrapper.application; includeInIndex = 0; path = BeerApp.app; sourceTree = BUILT_PRODUCTS_DIR; };
		50BDBCFB287C43D40062F6D8 /* BeerAppApp.swift */ = {isa = PBXFileReference; lastKnownFileType = sourcecode.swift; path = BeerAppApp.swift; sourceTree = "<group>"; };
		50BDBCFF287C43D50062F6D8 /* Assets.xcassets */ = {isa = PBXFileReference; lastKnownFileType = folder.assetcatalog; path = Assets.xcassets; sourceTree = "<group>"; };
		50BDBD02287C43D50062F6D8 /* Preview Assets.xcassets */ = {isa = PBXFileReference; lastKnownFileType = folder.assetcatalog; path = "Preview Assets.xcassets"; sourceTree = "<group>"; };
		50BDBD08287C43D50062F6D8 /* BeerAppTests.xctest */ = {isa = PBXFileReference; explicitFileType = wrapper.cfbundle; includeInIndex = 0; path = BeerAppTests.xctest; sourceTree = BUILT_PRODUCTS_DIR; };
		50BDBD12287C43D50062F6D8 /* BeerAppUITests.xctest */ = {isa = PBXFileReference; explicitFileType = wrapper.cfbundle; includeInIndex = 0; path = BeerAppUITests.xctest; sourceTree = BUILT_PRODUCTS_DIR; };
		50BDBD16287C43D50062F6D8 /* BeerAppUITests.swift */ = {isa = PBXFileReference; lastKnownFileType = sourcecode.swift; path = BeerAppUITests.swift; sourceTree = "<group>"; };
		50BDBD18287C43D50062F6D8 /* BeerAppUITestsLaunchTests.swift */ = {isa = PBXFileReference; lastKnownFileType = sourcecode.swift; path = BeerAppUITestsLaunchTests.swift; sourceTree = "<group>"; };
		50BDBD25287C44D10062F6D8 /* RecipeManager.swift */ = {isa = PBXFileReference; lastKnownFileType = sourcecode.swift; path = RecipeManager.swift; sourceTree = "<group>"; };
		50BDBD2A287C45140062F6D8 /* MainScreenView.swift */ = {isa = PBXFileReference; lastKnownFileType = sourcecode.swift; path = MainScreenView.swift; sourceTree = "<group>"; };
		50BDBD2C287C45240062F6D8 /* MainScreenViewModel.swift */ = {isa = PBXFileReference; lastKnownFileType = sourcecode.swift; path = MainScreenViewModel.swift; sourceTree = "<group>"; };
		50BDBD32287C4A8C0062F6D8 /* DetailsScreenViewModel.swift */ = {isa = PBXFileReference; lastKnownFileType = sourcecode.swift; path = DetailsScreenViewModel.swift; sourceTree = "<group>"; };
		50BDBD34287C4ABD0062F6D8 /* DetailsScreenView.swift */ = {isa = PBXFileReference; lastKnownFileType = sourcecode.swift; path = DetailsScreenView.swift; sourceTree = "<group>"; };
		50BDBD36287C4D7A0062F6D8 /* Recipe.swift */ = {isa = PBXFileReference; lastKnownFileType = sourcecode.swift; path = Recipe.swift; sourceTree = "<group>"; };
		50BDBD39287C50190062F6D8 /* Info.plist */ = {isa = PBXFileReference; lastKnownFileType = text.plist; path = Info.plist; sourceTree = "<group>"; };
/* End PBXFileReference section */

/* Begin PBXFrameworksBuildPhase section */
		50BDBCF5287C43D40062F6D8 /* Frameworks */ = {
			isa = PBXFrameworksBuildPhase;
			buildActionMask = 2147483647;
			files = (
			);
			runOnlyForDeploymentPostprocessing = 0;
		};
		50BDBD05287C43D50062F6D8 /* Frameworks */ = {
			isa = PBXFrameworksBuildPhase;
			buildActionMask = 2147483647;
			files = (
			);
			runOnlyForDeploymentPostprocessing = 0;
		};
		50BDBD0F287C43D50062F6D8 /* Frameworks */ = {
			isa = PBXFrameworksBuildPhase;
			buildActionMask = 2147483647;
			files = (
			);
			runOnlyForDeploymentPostprocessing = 0;
		};
/* End PBXFrameworksBuildPhase section */

/* Begin PBXGroup section */
		504941D9287C59AD00D87BDC /* Helper */ = {
			isa = PBXGroup;
			children = (
				504941D7287C59AA00D87BDC /* NetworkError.swift */,
				504941EC287C6B5700D87BDC /* CacheAsyncImage.swift */,
				504941EE287C6C9200D87BDC /* URLCache+image.swift */,
				504941F0287C6D3C00D87BDC /* Constant.swift */,
			);
			path = Helper;
			sourceTree = "<group>";
		};
		504941DE287C5DAA00D87BDC /* Cells */ = {
			isa = PBXGroup;
			children = (
				504941DC287C5D4600D87BDC /* RecipeCellView.swift */,
			);
			path = Cells;
			sourceTree = "<group>";
		};
		504941DF287C5F9D00D87BDC /* MainScreenView */ = {
			isa = PBXGroup;
			children = (
				50BDBD2A287C45140062F6D8 /* MainScreenView.swift */,
				504941E0287C5FAA00D87BDC /* MainScreenView+Title.swift */,
				504941E2287C5FCE00D87BDC /* MainScreenView+Grid.swift */,
			);
			path = MainScreenView;
			sourceTree = "<group>";
		};
		504941E5287C638600D87BDC /* DetailsScreenView */ = {
			isa = PBXGroup;
			children = (
				50BDBD34287C4ABD0062F6D8 /* DetailsScreenView.swift */,
				504941E6287C67BA00D87BDC /* DetailsScreenView+Header.swift */,
				504941E8287C67C500D87BDC /* DetailsScreenView+List.swift */,
			);
			path = DetailsScreenView;
			sourceTree = "<group>";
		};
		50BDBCEF287C43D40062F6D8 = {
			isa = PBXGroup;
			children = (
				50BDBCFA287C43D40062F6D8 /* BeerApp */,
				50BDBD0B287C43D50062F6D8 /* BeerAppTests */,
				50BDBD15287C43D50062F6D8 /* BeerAppUITests */,
				50BDBCF9287C43D40062F6D8 /* Products */,
			);
			sourceTree = "<group>";
		};
		50BDBCF9287C43D40062F6D8 /* Products */ = {
			isa = PBXGroup;
			children = (
				50BDBCF8287C43D40062F6D8 /* BeerApp.app */,
				50BDBD08287C43D50062F6D8 /* BeerAppTests.xctest */,
				50BDBD12287C43D50062F6D8 /* BeerAppUITests.xctest */,
			);
			name = Products;
			sourceTree = "<group>";
		};
		50BDBCFA287C43D40062F6D8 /* BeerApp */ = {
			isa = PBXGroup;
			children = (
				504941D9287C59AD00D87BDC /* Helper */,
				50BDBD39287C50190062F6D8 /* Info.plist */,
				50BDBCFB287C43D40062F6D8 /* BeerAppApp.swift */,
				50BDBD27287C44D50062F6D8 /* Model */,
				50BDBD29287C44F00062F6D8 /* View */,
				50BDBD2F287C46090062F6D8 /* ViewModel */,
				50BDBCFF287C43D50062F6D8 /* Assets.xcassets */,
				50BDBD01287C43D50062F6D8 /* Preview Content */,
			);
			path = BeerApp;
			sourceTree = "<group>";
		};
		50BDBD01287C43D50062F6D8 /* Preview Content */ = {
			isa = PBXGroup;
			children = (
				50BDBD02287C43D50062F6D8 /* Preview Assets.xcassets */,
			);
			path = "Preview Content";
			sourceTree = "<group>";
		};
		50BDBD0B287C43D50062F6D8 /* BeerAppTests */ = {
			isa = PBXGroup;
			children = (
				504941F3287C6EB500D87BDC /* RecipeManagerTests.swift */,
				504941FC287C770500D87BDC /* NetworkManagerTests.swift */,
			);
			path = BeerAppTests;
			sourceTree = "<group>";
		};
		50BDBD15287C43D50062F6D8 /* BeerAppUITests */ = {
			isa = PBXGroup;
			children = (
				50BDBD16287C43D50062F6D8 /* BeerAppUITests.swift */,
				50BDBD18287C43D50062F6D8 /* BeerAppUITestsLaunchTests.swift */,
			);
			path = BeerAppUITests;
			sourceTree = "<group>";
		};
		50BDBD27287C44D50062F6D8 /* Model */ = {
			isa = PBXGroup;
			children = (
				50BDBD28287C44E10062F6D8 /* Manager */,
				50BDBD38287C4D7D0062F6D8 /* Entity */,
			);
			path = Model;
			sourceTree = "<group>";
		};
		50BDBD28287C44E10062F6D8 /* Manager */ = {
			isa = PBXGroup;
			children = (
				50BDBD25287C44D10062F6D8 /* RecipeManager.swift */,
				504941FA287C744200D87BDC /* NetworkManager.swift */,
			);
			path = Manager;
			sourceTree = "<group>";
		};
		50BDBD29287C44F00062F6D8 /* View */ = {
			isa = PBXGroup;
			children = (
				504941DF287C5F9D00D87BDC /* MainScreenView */,
				504941E5287C638600D87BDC /* DetailsScreenView */,
				504941DE287C5DAA00D87BDC /* Cells */,
			);
			path = View;
			sourceTree = "<group>";
		};
		50BDBD2F287C46090062F6D8 /* ViewModel */ = {
			isa = PBXGroup;
			children = (
				50BDBD2C287C45240062F6D8 /* MainScreenViewModel.swift */,
				50BDBD32287C4A8C0062F6D8 /* DetailsScreenViewModel.swift */,
			);
			path = ViewModel;
			sourceTree = "<group>";
		};
		50BDBD38287C4D7D0062F6D8 /* Entity */ = {
			isa = PBXGroup;
			children = (
				50BDBD36287C4D7A0062F6D8 /* Recipe.swift */,
				504941DA287C5AD900D87BDC /* Ingredient.swift */,
			);
			path = Entity;
			sourceTree = "<group>";
		};
/* End PBXGroup section */

/* Begin PBXNativeTarget section */
		50BDBCF7287C43D40062F6D8 /* BeerApp */ = {
			isa = PBXNativeTarget;
			buildConfigurationList = 50BDBD1C287C43D50062F6D8 /* Build configuration list for PBXNativeTarget "BeerApp" */;
			buildPhases = (
				50BDBCF4287C43D40062F6D8 /* Sources */,
				50BDBCF5287C43D40062F6D8 /* Frameworks */,
				50BDBCF6287C43D40062F6D8 /* Resources */,
			);
			buildRules = (
			);
			dependencies = (
			);
			name = BeerApp;
			productName = BeerApp;
			productReference = 50BDBCF8287C43D40062F6D8 /* BeerApp.app */;
			productType = "com.apple.product-type.application";
		};
		50BDBD07287C43D50062F6D8 /* BeerAppTests */ = {
			isa = PBXNativeTarget;
			buildConfigurationList = 50BDBD1F287C43D50062F6D8 /* Build configuration list for PBXNativeTarget "BeerAppTests" */;
			buildPhases = (
				50BDBD04287C43D50062F6D8 /* Sources */,
				50BDBD05287C43D50062F6D8 /* Frameworks */,
				50BDBD06287C43D50062F6D8 /* Resources */,
			);
			buildRules = (
			);
			dependencies = (
				50BDBD0A287C43D50062F6D8 /* PBXTargetDependency */,
			);
			name = BeerAppTests;
			productName = BeerAppTests;
			productReference = 50BDBD08287C43D50062F6D8 /* BeerAppTests.xctest */;
			productType = "com.apple.product-type.bundle.unit-test";
		};
		50BDBD11287C43D50062F6D8 /* BeerAppUITests */ = {
			isa = PBXNativeTarget;
			buildConfigurationList = 50BDBD22287C43D50062F6D8 /* Build configuration list for PBXNativeTarget "BeerAppUITests" */;
			buildPhases = (
				50BDBD0E287C43D50062F6D8 /* Sources */,
				50BDBD0F287C43D50062F6D8 /* Frameworks */,
				50BDBD10287C43D50062F6D8 /* Resources */,
			);
			buildRules = (
			);
			dependencies = (
				50BDBD14287C43D50062F6D8 /* PBXTargetDependency */,
			);
			name = BeerAppUITests;
			productName = BeerAppUITests;
			productReference = 50BDBD12287C43D50062F6D8 /* BeerAppUITests.xctest */;
			productType = "com.apple.product-type.bundle.ui-testing";
		};
/* End PBXNativeTarget section */

/* Begin PBXProject section */
		50BDBCF0287C43D40062F6D8 /* Project object */ = {
			isa = PBXProject;
			attributes = {
				BuildIndependentTargetsInParallel = 1;
				LastSwiftUpdateCheck = 1330;
				LastUpgradeCheck = 1330;
				TargetAttributes = {
					50BDBCF7287C43D40062F6D8 = {
						CreatedOnToolsVersion = 13.3;
					};
					50BDBD07287C43D50062F6D8 = {
						CreatedOnToolsVersion = 13.3;
						TestTargetID = 50BDBCF7287C43D40062F6D8;
					};
					50BDBD11287C43D50062F6D8 = {
						CreatedOnToolsVersion = 13.3;
						TestTargetID = 50BDBCF7287C43D40062F6D8;
					};
				};
			};
			buildConfigurationList = 50BDBCF3287C43D40062F6D8 /* Build configuration list for PBXProject "BeerApp" */;
			compatibilityVersion = "Xcode 13.0";
			developmentRegion = en;
			hasScannedForEncodings = 0;
			knownRegions = (
				en,
				Base,
			);
			mainGroup = 50BDBCEF287C43D40062F6D8;
			productRefGroup = 50BDBCF9287C43D40062F6D8 /* Products */;
			projectDirPath = "";
			projectRoot = "";
			targets = (
				50BDBCF7287C43D40062F6D8 /* BeerApp */,
				50BDBD07287C43D50062F6D8 /* BeerAppTests */,
				50BDBD11287C43D50062F6D8 /* BeerAppUITests */,
			);
		};
/* End PBXProject section */

/* Begin PBXResourcesBuildPhase section */
		50BDBCF6287C43D40062F6D8 /* Resources */ = {
			isa = PBXResourcesBuildPhase;
			buildActionMask = 2147483647;
			files = (
				50BDBD03287C43D50062F6D8 /* Preview Assets.xcassets in Resources */,
				50BDBD00287C43D50062F6D8 /* Assets.xcassets in Resources */,
			);
			runOnlyForDeploymentPostprocessing = 0;
		};
		50BDBD06287C43D50062F6D8 /* Resources */ = {
			isa = PBXResourcesBuildPhase;
			buildActionMask = 2147483647;
			files = (
			);
			runOnlyForDeploymentPostprocessing = 0;
		};
		50BDBD10287C43D50062F6D8 /* Resources */ = {
			isa = PBXResourcesBuildPhase;
			buildActionMask = 2147483647;
			files = (
			);
			runOnlyForDeploymentPostprocessing = 0;
		};
/* End PBXResourcesBuildPhase section */

/* Begin PBXSourcesBuildPhase section */
		50BDBCF4287C43D40062F6D8 /* Sources */ = {
			isa = PBXSourcesBuildPhase;
			buildActionMask = 2147483647;
			files = (
				504941FB287C744300D87BDC /* NetworkManager.swift in Sources */,
				504941D8287C59AA00D87BDC /* NetworkError.swift in Sources */,
				504941F1287C6D3C00D87BDC /* Constant.swift in Sources */,
				50BDBD26287C44D10062F6D8 /* RecipeManager.swift in Sources */,
				50BDBD2D287C45240062F6D8 /* MainScreenViewModel.swift in Sources */,
				50BDBD33287C4A8C0062F6D8 /* DetailsScreenViewModel.swift in Sources */,
				504941EF287C6C9200D87BDC /* URLCache+image.swift in Sources */,
				50BDBCFC287C43D40062F6D8 /* BeerAppApp.swift in Sources */,
				504941E3287C5FCE00D87BDC /* MainScreenView+Grid.swift in Sources */,
				504941E1287C5FAA00D87BDC /* MainScreenView+Title.swift in Sources */,
				50BDBD2B287C45140062F6D8 /* MainScreenView.swift in Sources */,
				504941DD287C5D4600D87BDC /* RecipeCellView.swift in Sources */,
				504941DB287C5AD900D87BDC /* Ingredient.swift in Sources */,
				504941E7287C67BA00D87BDC /* DetailsScreenView+Header.swift in Sources */,
				504941ED287C6B5700D87BDC /* CacheAsyncImage.swift in Sources */,
				50BDBD35287C4ABD0062F6D8 /* DetailsScreenView.swift in Sources */,
				50BDBD37287C4D7A0062F6D8 /* Recipe.swift in Sources */,
				504941E9287C67C500D87BDC /* DetailsScreenView+List.swift in Sources */,
			);
			runOnlyForDeploymentPostprocessing = 0;
		};
		50BDBD04287C43D50062F6D8 /* Sources */ = {
			isa = PBXSourcesBuildPhase;
			buildActionMask = 2147483647;
			files = (
				504941FE287C771400D87BDC /* NetworkManager.swift in Sources */,
				504941F5287C6EB800D87BDC /* RecipeManager.swift in Sources */,
				504941F2287C6E6F00D87BDC /* MainScreenViewModel.swift in Sources */,
				504941F9287C70E500D87BDC /* Ingredient.swift in Sources */,
				504941F7287C70C300D87BDC /* Constant.swift in Sources */,
				504941FD287C770500D87BDC /* NetworkManagerTests.swift in Sources */,
				504941F8287C70D000D87BDC /* NetworkError.swift in Sources */,
				504941F4287C6EB500D87BDC /* RecipeManagerTests.swift in Sources */,
				504941F6287C70B600D87BDC /* Recipe.swift in Sources */,
			);
			runOnlyForDeploymentPostprocessing = 0;
		};
		50BDBD0E287C43D50062F6D8 /* Sources */ = {
			isa = PBXSourcesBuildPhase;
			buildActionMask = 2147483647;
			files = (
				50BDBD19287C43D50062F6D8 /* BeerAppUITestsLaunchTests.swift in Sources */,
				50BDBD17287C43D50062F6D8 /* BeerAppUITests.swift in Sources */,
			);
			runOnlyForDeploymentPostprocessing = 0;
		};
/* End PBXSourcesBuildPhase section */

/* Begin PBXTargetDependency section */
		50BDBD0A287C43D50062F6D8 /* PBXTargetDependency */ = {
			isa = PBXTargetDependency;
			target = 50BDBCF7287C43D40062F6D8 /* BeerApp */;
			targetProxy = 50BDBD09287C43D50062F6D8 /* PBXContainerItemProxy */;
		};
		50BDBD14287C43D50062F6D8 /* PBXTargetDependency */ = {
			isa = PBXTargetDependency;
			target = 50BDBCF7287C43D40062F6D8 /* BeerApp */;
			targetProxy = 50BDBD13287C43D50062F6D8 /* PBXContainerItemProxy */;
		};
/* End PBXTargetDependency section */

/* Begin XCBuildConfiguration section */
		50BDBD1A287C43D50062F6D8 /* Debug */ = {
			isa = XCBuildConfiguration;
			buildSettings = {
				ALWAYS_SEARCH_USER_PATHS = NO;
				CLANG_ANALYZER_NONNULL = YES;
				CLANG_ANALYZER_NUMBER_OBJECT_CONVERSION = YES_AGGRESSIVE;
				CLANG_CXX_LANGUAGE_STANDARD = "gnu++17";
				CLANG_ENABLE_MODULES = YES;
				CLANG_ENABLE_OBJC_ARC = YES;
				CLANG_ENABLE_OBJC_WEAK = YES;
				CLANG_WARN_BLOCK_CAPTURE_AUTORELEASING = YES;
				CLANG_WARN_BOOL_CONVERSION = YES;
				CLANG_WARN_COMMA = YES;
				CLANG_WARN_CONSTANT_CONVERSION = YES;
				CLANG_WARN_DEPRECATED_OBJC_IMPLEMENTATIONS = YES;
				CLANG_WARN_DIRECT_OBJC_ISA_USAGE = YES_ERROR;
				CLANG_WARN_DOCUMENTATION_COMMENTS = YES;
				CLANG_WARN_EMPTY_BODY = YES;
				CLANG_WARN_ENUM_CONVERSION = YES;
				CLANG_WARN_INFINITE_RECURSION = YES;
				CLANG_WARN_INT_CONVERSION = YES;
				CLANG_WARN_NON_LITERAL_NULL_CONVERSION = YES;
				CLANG_WARN_OBJC_IMPLICIT_RETAIN_SELF = YES;
				CLANG_WARN_OBJC_LITERAL_CONVERSION = YES;
				CLANG_WARN_OBJC_ROOT_CLASS = YES_ERROR;
				CLANG_WARN_QUOTED_INCLUDE_IN_FRAMEWORK_HEADER = YES;
				CLANG_WARN_RANGE_LOOP_ANALYSIS = YES;
				CLANG_WARN_STRICT_PROTOTYPES = YES;
				CLANG_WARN_SUSPICIOUS_MOVE = YES;
				CLANG_WARN_UNGUARDED_AVAILABILITY = YES_AGGRESSIVE;
				CLANG_WARN_UNREACHABLE_CODE = YES;
				CLANG_WARN__DUPLICATE_METHOD_MATCH = YES;
				COPY_PHASE_STRIP = NO;
				DEBUG_INFORMATION_FORMAT = dwarf;
				ENABLE_STRICT_OBJC_MSGSEND = YES;
				ENABLE_TESTABILITY = YES;
				GCC_C_LANGUAGE_STANDARD = gnu11;
				GCC_DYNAMIC_NO_PIC = NO;
				GCC_NO_COMMON_BLOCKS = YES;
				GCC_OPTIMIZATION_LEVEL = 0;
				GCC_PREPROCESSOR_DEFINITIONS = (
					"DEBUG=1",
					"$(inherited)",
				);
				GCC_WARN_64_TO_32_BIT_CONVERSION = YES;
				GCC_WARN_ABOUT_RETURN_TYPE = YES_ERROR;
				GCC_WARN_UNDECLARED_SELECTOR = YES;
				GCC_WARN_UNINITIALIZED_AUTOS = YES_AGGRESSIVE;
				GCC_WARN_UNUSED_FUNCTION = YES;
				GCC_WARN_UNUSED_VARIABLE = YES;
				IPHONEOS_DEPLOYMENT_TARGET = 15.4;
				MTL_ENABLE_DEBUG_INFO = INCLUDE_SOURCE;
				MTL_FAST_MATH = YES;
				ONLY_ACTIVE_ARCH = YES;
				SDKROOT = iphoneos;
				SWIFT_ACTIVE_COMPILATION_CONDITIONS = DEBUG;
				SWIFT_OPTIMIZATION_LEVEL = "-Onone";
			};
			name = Debug;
		};
		50BDBD1B287C43D50062F6D8 /* Release */ = {
			isa = XCBuildConfiguration;
			buildSettings = {
				ALWAYS_SEARCH_USER_PATHS = NO;
				CLANG_ANALYZER_NONNULL = YES;
				CLANG_ANALYZER_NUMBER_OBJECT_CONVERSION = YES_AGGRESSIVE;
				CLANG_CXX_LANGUAGE_STANDARD = "gnu++17";
				CLANG_ENABLE_MODULES = YES;
				CLANG_ENABLE_OBJC_ARC = YES;
				CLANG_ENABLE_OBJC_WEAK = YES;
				CLANG_WARN_BLOCK_CAPTURE_AUTORELEASING = YES;
				CLANG_WARN_BOOL_CONVERSION = YES;
				CLANG_WARN_COMMA = YES;
				CLANG_WARN_CONSTANT_CONVERSION = YES;
				CLANG_WARN_DEPRECATED_OBJC_IMPLEMENTATIONS = YES;
				CLANG_WARN_DIRECT_OBJC_ISA_USAGE = YES_ERROR;
				CLANG_WARN_DOCUMENTATION_COMMENTS = YES;
				CLANG_WARN_EMPTY_BODY = YES;
				CLANG_WARN_ENUM_CONVERSION = YES;
				CLANG_WARN_INFINITE_RECURSION = YES;
				CLANG_WARN_INT_CONVERSION = YES;
				CLANG_WARN_NON_LITERAL_NULL_CONVERSION = YES;
				CLANG_WARN_OBJC_IMPLICIT_RETAIN_SELF = YES;
				CLANG_WARN_OBJC_LITERAL_CONVERSION = YES;
				CLANG_WARN_OBJC_ROOT_CLASS = YES_ERROR;
				CLANG_WARN_QUOTED_INCLUDE_IN_FRAMEWORK_HEADER = YES;
				CLANG_WARN_RANGE_LOOP_ANALYSIS = YES;
				CLANG_WARN_STRICT_PROTOTYPES = YES;
				CLANG_WARN_SUSPICIOUS_MOVE = YES;
				CLANG_WARN_UNGUARDED_AVAILABILITY = YES_AGGRESSIVE;
				CLANG_WARN_UNREACHABLE_CODE = YES;
				CLANG_WARN__DUPLICATE_METHOD_MATCH = YES;
				COPY_PHASE_STRIP = NO;
				DEBUG_INFORMATION_FORMAT = "dwarf-with-dsym";
				ENABLE_NS_ASSERTIONS = NO;
				ENABLE_STRICT_OBJC_MSGSEND = YES;
				GCC_C_LANGUAGE_STANDARD = gnu11;
				GCC_NO_COMMON_BLOCKS = YES;
				GCC_WARN_64_TO_32_BIT_CONVERSION = YES;
				GCC_WARN_ABOUT_RETURN_TYPE = YES_ERROR;
				GCC_WARN_UNDECLARED_SELECTOR = YES;
				GCC_WARN_UNINITIALIZED_AUTOS = YES_AGGRESSIVE;
				GCC_WARN_UNUSED_FUNCTION = YES;
				GCC_WARN_UNUSED_VARIABLE = YES;
				IPHONEOS_DEPLOYMENT_TARGET = 15.4;
				MTL_ENABLE_DEBUG_INFO = NO;
				MTL_FAST_MATH = YES;
				SDKROOT = iphoneos;
				SWIFT_COMPILATION_MODE = wholemodule;
				SWIFT_OPTIMIZATION_LEVEL = "-O";
				VALIDATE_PRODUCT = YES;
			};
			name = Release;
		};
		50BDBD1D287C43D50062F6D8 /* Debug */ = {
			isa = XCBuildConfiguration;
			buildSettings = {
				ASSETCATALOG_COMPILER_APPICON_NAME = AppIcon;
				ASSETCATALOG_COMPILER_GLOBAL_ACCENT_COLOR_NAME = AccentColor;
				CODE_SIGN_STYLE = Automatic;
				CURRENT_PROJECT_VERSION = 1;
				DEVELOPMENT_ASSET_PATHS = "\"BeerApp/Preview Content\"";
				DEVELOPMENT_TEAM = W7R6ZCLV57;
				ENABLE_PREVIEWS = YES;
				GENERATE_INFOPLIST_FILE = YES;
				INFOPLIST_FILE = BeerApp/Info.plist;
				INFOPLIST_KEY_UIApplicationSceneManifest_Generation = YES;
				INFOPLIST_KEY_UIApplicationSupportsIndirectInputEvents = YES;
				INFOPLIST_KEY_UILaunchScreen_Generation = YES;
				INFOPLIST_KEY_UISupportedInterfaceOrientations_iPad = "UIInterfaceOrientationPortrait UIInterfaceOrientationPortraitUpsideDown UIInterfaceOrientationLandscapeLeft UIInterfaceOrientationLandscapeRight";
				INFOPLIST_KEY_UISupportedInterfaceOrientations_iPhone = "UIInterfaceOrientationPortrait UIInterfaceOrientationLandscapeLeft UIInterfaceOrientationLandscapeRight";
				LD_RUNPATH_SEARCH_PATHS = (
					"$(inherited)",
					"@executable_path/Frameworks",
				);
				MARKETING_VERSION = 1.0;
				PRODUCT_BUNDLE_IDENTIFIER = atme.BeerApp;
				PRODUCT_NAME = "$(TARGET_NAME)";
				SWIFT_EMIT_LOC_STRINGS = YES;
				SWIFT_VERSION = 5.0;
				TARGETED_DEVICE_FAMILY = "1,2";
			};
			name = Debug;
		};
		50BDBD1E287C43D50062F6D8 /* Release */ = {
			isa = XCBuildConfiguration;
			buildSettings = {
				ASSETCATALOG_COMPILER_APPICON_NAME = AppIcon;
				ASSETCATALOG_COMPILER_GLOBAL_ACCENT_COLOR_NAME = AccentColor;
				CODE_SIGN_STYLE = Automatic;
				CURRENT_PROJECT_VERSION = 1;
				DEVELOPMENT_ASSET_PATHS = "\"BeerApp/Preview Content\"";
				DEVELOPMENT_TEAM = W7R6ZCLV57;
				ENABLE_PREVIEWS = YES;
				GENERATE_INFOPLIST_FILE = YES;
				INFOPLIST_FILE = BeerApp/Info.plist;
				INFOPLIST_KEY_UIApplicationSceneManifest_Generation = YES;
				INFOPLIST_KEY_UIApplicationSupportsIndirectInputEvents = YES;
				INFOPLIST_KEY_UILaunchScreen_Generation = YES;
				INFOPLIST_KEY_UISupportedInterfaceOrientations_iPad = "UIInterfaceOrientationPortrait UIInterfaceOrientationPortraitUpsideDown UIInterfaceOrientationLandscapeLeft UIInterfaceOrientationLandscapeRight";
				INFOPLIST_KEY_UISupportedInterfaceOrientations_iPhone = "UIInterfaceOrientationPortrait UIInterfaceOrientationLandscapeLeft UIInterfaceOrientationLandscapeRight";
				LD_RUNPATH_SEARCH_PATHS = (
					"$(inherited)",
					"@executable_path/Frameworks",
				);
				MARKETING_VERSION = 1.0;
				PRODUCT_BUNDLE_IDENTIFIER = atme.BeerApp;
				PRODUCT_NAME = "$(TARGET_NAME)";
				SWIFT_EMIT_LOC_STRINGS = YES;
				SWIFT_VERSION = 5.0;
				TARGETED_DEVICE_FAMILY = "1,2";
			};
			name = Release;
		};
		50BDBD20287C43D50062F6D8 /* Debug */ = {
			isa = XCBuildConfiguration;
			buildSettings = {
				ALWAYS_EMBED_SWIFT_STANDARD_LIBRARIES = YES;
				BUNDLE_LOADER = "$(TEST_HOST)";
				CODE_SIGN_STYLE = Automatic;
				CURRENT_PROJECT_VERSION = 1;
				DEVELOPMENT_TEAM = W7R6ZCLV57;
				GENERATE_INFOPLIST_FILE = YES;
				IPHONEOS_DEPLOYMENT_TARGET = 15.4;
				MARKETING_VERSION = 1.0;
				PRODUCT_BUNDLE_IDENTIFIER = atme.BeerAppTests;
				PRODUCT_NAME = "$(TARGET_NAME)";
				SWIFT_EMIT_LOC_STRINGS = NO;
				SWIFT_VERSION = 5.0;
				TARGETED_DEVICE_FAMILY = "1,2";
				TEST_HOST = "$(BUILT_PRODUCTS_DIR)/BeerApp.app/BeerApp";
			};
			name = Debug;
		};
		50BDBD21287C43D50062F6D8 /* Release */ = {
			isa = XCBuildConfiguration;
			buildSettings = {
				ALWAYS_EMBED_SWIFT_STANDARD_LIBRARIES = YES;
				BUNDLE_LOADER = "$(TEST_HOST)";
				CODE_SIGN_STYLE = Automatic;
				CURRENT_PROJECT_VERSION = 1;
				DEVELOPMENT_TEAM = W7R6ZCLV57;
				GENERATE_INFOPLIST_FILE = YES;
				IPHONEOS_DEPLOYMENT_TARGET = 15.4;
				MARKETING_VERSION = 1.0;
				PRODUCT_BUNDLE_IDENTIFIER = atme.BeerAppTests;
				PRODUCT_NAME = "$(TARGET_NAME)";
				SWIFT_EMIT_LOC_STRINGS = NO;
				SWIFT_VERSION = 5.0;
				TARGETED_DEVICE_FAMILY = "1,2";
				TEST_HOST = "$(BUILT_PRODUCTS_DIR)/BeerApp.app/BeerApp";
			};
			name = Release;
		};
		50BDBD23287C43D50062F6D8 /* Debug */ = {
			isa = XCBuildConfiguration;
			buildSettings = {
				ALWAYS_EMBED_SWIFT_STANDARD_LIBRARIES = YES;
				CODE_SIGN_STYLE = Automatic;
				CURRENT_PROJECT_VERSION = 1;
				DEVELOPMENT_TEAM = W7R6ZCLV57;
				GENERATE_INFOPLIST_FILE = YES;
				MARKETING_VERSION = 1.0;
				PRODUCT_BUNDLE_IDENTIFIER = atme.BeerAppUITests;
				PRODUCT_NAME = "$(TARGET_NAME)";
				SWIFT_EMIT_LOC_STRINGS = NO;
				SWIFT_VERSION = 5.0;
				TARGETED_DEVICE_FAMILY = "1,2";
				TEST_TARGET_NAME = BeerApp;
			};
			name = Debug;
		};
		50BDBD24287C43D50062F6D8 /* Release */ = {
			isa = XCBuildConfiguration;
			buildSettings = {
				ALWAYS_EMBED_SWIFT_STANDARD_LIBRARIES = YES;
				CODE_SIGN_STYLE = Automatic;
				CURRENT_PROJECT_VERSION = 1;
				DEVELOPMENT_TEAM = W7R6ZCLV57;
				GENERATE_INFOPLIST_FILE = YES;
				MARKETING_VERSION = 1.0;
				PRODUCT_BUNDLE_IDENTIFIER = atme.BeerAppUITests;
				PRODUCT_NAME = "$(TARGET_NAME)";
				SWIFT_EMIT_LOC_STRINGS = NO;
				SWIFT_VERSION = 5.0;
				TARGETED_DEVICE_FAMILY = "1,2";
				TEST_TARGET_NAME = BeerApp;
			};
			name = Release;
		};
/* End XCBuildConfiguration section */

/* Begin XCConfigurationList section */
		50BDBCF3287C43D40062F6D8 /* Build configuration list for PBXProject "BeerApp" */ = {
			isa = XCConfigurationList;
			buildConfigurations = (
				50BDBD1A287C43D50062F6D8 /* Debug */,
				50BDBD1B287C43D50062F6D8 /* Release */,
			);
			defaultConfigurationIsVisible = 0;
			defaultConfigurationName = Release;
		};
		50BDBD1C287C43D50062F6D8 /* Build configuration list for PBXNativeTarget "BeerApp" */ = {
			isa = XCConfigurationList;
			buildConfigurations = (
				50BDBD1D287C43D50062F6D8 /* Debug */,
				50BDBD1E287C43D50062F6D8 /* Release */,
			);
			defaultConfigurationIsVisible = 0;
			defaultConfigurationName = Release;
		};
		50BDBD1F287C43D50062F6D8 /* Build configuration list for PBXNativeTarget "BeerAppTests" */ = {
			isa = XCConfigurationList;
			buildConfigurations = (
				50BDBD20287C43D50062F6D8 /* Debug */,
				50BDBD21287C43D50062F6D8 /* Release */,
			);
			defaultConfigurationIsVisible = 0;
			defaultConfigurationName = Release;
		};
		50BDBD22287C43D50062F6D8 /* Build configuration list for PBXNativeTarget "BeerAppUITests" */ = {
			isa = XCConfigurationList;
			buildConfigurations = (
				50BDBD23287C43D50062F6D8 /* Debug */,
				50BDBD24287C43D50062F6D8 /* Release */,
			);
			defaultConfigurationIsVisible = 0;
			defaultConfigurationName = Release;
		};
/* End XCConfigurationList section */
	};
	rootObject = 50BDBCF0287C43D40062F6D8 /* Project object */;
}
